
Microsoft Visual Studio Solution File, Format Version 12.00
# Visual Studio 15
VisualStudioVersion = 15.0.28307.757
MinimumVisualStudioVersion = 10.0.40219.1
Project("{FAE04EC0-301F-11D3-BF4B-00C04F79EFBC}") = "WebApplication2", "WebApplication2\WebApplication2.csproj", "{203D3F85-2CDC-4C40-9222-EB3EDB6A0317}"
EndProject
Global
	GlobalSection(SolutionConfigurationPlatforms) = preSolution
		Debug|Any CPU = Debug|Any CPU
		Release|Any CPU = Release|Any CPU
	EndGlobalSection
	GlobalSection(ProjectConfigurationPlatforms) = postSolution
		{203D3F85-2CDC-4C40-9222-EB3EDB6A0317}.Debug|Any CPU.ActiveCfg = Debug|Any CPU
		{203D3F85-2CDC-4C40-9222-EB3EDB6A0317}.Debug|Any CPU.Build.0 = Debug|Any CPU
		{203D3F85-2CDC-4C40-9222-EB3EDB6A0317}.Release|Any CPU.ActiveCfg = Release|Any CPU
		{203D3F85-2CDC-4C40-9222-EB3EDB6A0317}.Release|Any CPU.Build.0 = Release|Any CPU
	EndGlobalSection
	GlobalSection(SolutionProperties) = preSolution
		HideSolutionNode = FALSE
	EndGlobalSection
	GlobalSection(ExtensibilityGlobals) = postSolution
		SolutionGuid = {9C6107DE-7E4A-4FE2-AFC2-2449F13E5761}
	EndGlobalSection
EndGlobal
